Microsoft Visual Studio Solution File, Format Version 12.00
# Visual Studio Version 17
VisualStudioVersion = 17.0.31903.59
MinimumVisualStudioVersion = 10.0.40219.1
Project("{FAE04EC0-301F-11D3-BF4B-00C04F79EFBC}") = "HotelBookingSystem.DAL", "HotelBookingSystem.DAL\HotelBookingSystem.DAL.csproj", "{D1F6E2C9-4B5A-4B7E-9F8C-0A3E8A9A7C5F}"
EndProject
Project("{FAE04EC0-301F-11D3-BF4B-00C04F79EFBC}") = "HotelBookingSystem.BLL", "HotelBookingSystem.BLL\HotelBookingSystem.BLL.csproj", "{A2B7C8D1-9E0F-4F1C-8D3A-2C1F3E0B9A8C}"
EndProject
Project("{FAE04EC0-301F-11D3-BF4B-00C04F79EFBC}") = "HotelBookingSystem.PL", "HotelBookingSystem.PL\HotelBookingSystem.PL.csproj", "{C3D4E5F6-7A8B-4C9D-A0B1-2D3E4F5A6B7C}"
EndProject
Project("{FAE04EC0-301F-11D3-BF4B-00C04F79EFBC}") = "HotelBookingSystem.Tests", "HotelBookingSystem.Tests\HotelBookingSystem.Tests.csproj", "{E4F5G6H7-8I9J-0K1L-2M3N-4O5P6Q7R8S9T}"
EndProject
Global
	GlobalSection(SolutionConfigurationPlatforms) = preSolution
		Debug|Any CPU = Debug|Any CPU
		Release|Any CPU = Release|Any CPU
	EndGlobalSection
	GlobalSection(ProjectConfigurationPlatforms) = postSolution
		{D1F6E2C9-4B5A-4B7E-9F8C-0A3E8A9A7C5F}.Debug|Any CPU.ActiveCfg = Debug|Any CPU
		{D1F6E2C9-4B5A-4B7E-9F8C-0A3E8A9A7C5F}.Debug|Any CPU.Build.0 = Debug|Any CPU
		{D1F6E2C9-4B5A-4B7E-9F8C-0A3E8A9A7C5F}.Release|Any CPU.ActiveCfg = Release|Any CPU
		{D1F6E2C9-4B5A-4B7E-9F8C-0A3E8A9A7C5F}.Release|Any CPU.Build.0 = Release|Any CPU
		{A2B7C8D1-9E0F-4F1C-8D3A-2C1F3E0B9A8C}.Debug|Any CPU.ActiveCfg = Debug|Any CPU
		{A2B7C8D1-9E0F-4F1C-8D3A-2C1F3E0B9A8C}.Debug|Any CPU.Build.0 = Debug|Any CPU
		{A2B7C8D1-9E0F-4F1C-8D3A-2C1F3E0B9A8C}.Release|Any CPU.ActiveCfg = Release|Any CPU
		{A2B7C8D1-9E0F-4F1C-8D3A-2C1F3E0B9A8C}.Release|Any CPU.Build.0 = Release|Any CPU
		{C3D4E5F6-7A8B-4C9D-A0B1-2D3E4F5A6B7C}.Debug|Any CPU.ActiveCfg = Debug|Any CPU
		{C3D4E5F6-7A8B-4C9D-A0B1-2D3E4F5A6B7C}.Debug|Any CPU.Build.0 = Debug|Any CPU
		{C3D4E5F6-7A8B-4C9D-A0B1-2D3E4F5A6B7C}.Release|Any CPU.ActiveCfg = Release|Any CPU
		{C3D4E5F6-7A8B-4C9D-A0B1-2D3E4F5A6B7C}.Release|Any CPU.Build.0 = Release|Any CPU
		{E4F5G6H7-8I9J-0K1L-2M3N-4O5P6Q7R8S9T}.Debug|Any CPU.ActiveCfg = Debug|Any CPU
		{E4F5G6H7-8I9J-0K1L-2M3N-4O5P6Q7R8S9T}.Debug|Any CPU.Build.0 = Debug|Any CPU
		{E4F5G6H7-8I9J-0K1L-2M3N-4O5P6Q7R8S9T}.Release|Any CPU.ActiveCfg = Release|Any CPU
		{E4F5G6H7-8I9J-0K1L-2M3N-4O5P6Q7R8S9T}.Release|Any CPU.Build.0 = Release|Any CPU
	EndGlobalSection
	GlobalSection(SolutionProperties) = preSolution
		HideSolutionNode = FALSE
	EndGlobalSection
	GlobalSection(ExtensibilityGlobals) = postSolution
		SolutionGuid = {F9A0B1C2-D3E4-F5A6-B7C8-D9E0F1A2B3C4}
	EndGlobalSection
EndGlobal